
Microsoft Visual Studio Solution File, Format Version 12.00
# Visual Studio Version 17
VisualStudioVersion = 17.9.34728.123
MinimumVisualStudioVersion = 10.0.40219.1
Project("{FAE04EC0-301F-11D3-BF4B-00C04F79EFBC}") = "CutOptimization", "CutOptimization\CutOptimization.csproj", "{281AE5F4-128A-4E80-825F-A55C5F524212}"
EndProject
Project("{9A19103F-16F7-4668-BE54-9A1E7A4F7556}") = "Test", "Test\Test.csproj", "{2CF6D11A-020B-4C52-9754-A1F801EBE719}"
EndProject
Global
	GlobalSection(SolutionConfigurationPlatforms) = preSolution
		Debug|Any CPU = Debug|Any CPU
		Release|Any CPU = Release|Any CPU
	EndGlobalSection
	GlobalSection(ProjectConfigurationPlatforms) = postSolution
		{281AE5F4-128A-4E80-825F-A55C5F524212}.Debug|Any CPU.ActiveCfg = Debug|Any CPU
		{281AE5F4-128A-4E80-825F-A55C5F524212}.Debug|Any CPU.Build.0 = Debug|Any CPU
		{281AE5F4-128A-4E80-825F-A55C5F524212}.Release|Any CPU.ActiveCfg = Release|Any CPU
		{281AE5F4-128A-4E80-825F-A55C5F524212}.Release|Any CPU.Build.0 = Release|Any CPU
		{2CF6D11A-020B-4C52-9754-A1F801EBE719}.Debug|Any CPU.ActiveCfg = Debug|Any CPU
		{2CF6D11A-020B-4C52-9754-A1F801EBE719}.Debug|Any CPU.Build.0 = Debug|Any CPU
		{2CF6D11A-020B-4C52-9754-A1F801EBE719}.Release|Any CPU.ActiveCfg = Release|Any CPU
		{2CF6D11A-020B-4C52-9754-A1F801EBE719}.Release|Any CPU.Build.0 = Release|Any CPU
	EndGlobalSection
	GlobalSection(SolutionProperties) = preSolution
		HideSolutionNode = FALSE
	EndGlobalSection
	GlobalSection(ExtensibilityGlobals) = postSolution
		SolutionGuid = {A4CCEAB5-B17E-4031-8B95-6D80CDAA5A46}
	EndGlobalSection
EndGlobal
